// !$*UTF8*$!
{
	archiveVersion = 1;
	classes = {
	};
	objectVersion = 50;
	objects = {

/* Begin PBXBuildFile section */
		B32E718D21A3754B00A07431 /* CoreDataManager.swift in Sources */ = {isa = PBXBuildFile; fileRef = B32E718C21A3754B00A07431 /* CoreDataManager.swift */; };
		B3480232217E923400A0C69D /* AppDelegate.swift in Sources */ = {isa = PBXBuildFile; fileRef = B3480231217E923400A0C69D /* AppDelegate.swift */; };
		B3480234217E923400A0C69D /* MainViewController.swift in Sources */ = {isa = PBXBuildFile; fileRef = B3480233217E923400A0C69D /* MainViewController.swift */; };
		B3480237217E923400A0C69D /* Main.storyboard in Resources */ = {isa = PBXBuildFile; fileRef = B3480235217E923400A0C69D /* Main.storyboard */; };
		B348023A217E923400A0C69D /* iProSense.xcdatamodeld in Sources */ = {isa = PBXBuildFile; fileRef = B3480238217E923400A0C69D /* iProSense.xcdatamodeld */; };
		B348023C217E923500A0C69D /* Assets.xcassets in Resources */ = {isa = PBXBuildFile; fileRef = B348023B217E923500A0C69D /* Assets.xcassets */; };
		B348023F217E923500A0C69D /* LaunchScreen.storyboard in Resources */ = {isa = PBXBuildFile; fileRef = B348023D217E923500A0C69D /* LaunchScreen.storyboard */; };
/* End PBXBuildFile section */

/* Begin PBXFileReference section */
		B32E718C21A3754B00A07431 /* CoreDataManager.swift */ = {isa = PBXFileReference; lastKnownFileType = sourcecode.swift; path = CoreDataManager.swift; sourceTree = "<group>"; };
		B348022E217E923400A0C69D /* iProSense.app */ = {isa = PBXFileReference; explicitFileType = wrapper.application; includeInIndex = 0; path = iProSense.app; sourceTree = BUILT_PRODUCTS_DIR; };
		B3480231217E923400A0C69D /* AppDelegate.swift */ = {isa = PBXFileReference; lastKnownFileType = sourcecode.swift; path = AppDelegate.swift; sourceTree = "<group>"; };
		B3480233217E923400A0C69D /* MainViewController.swift */ = {isa = PBXFileReference; lastKnownFileType = sourcecode.swift; path = MainViewController.swift; sourceTree = "<group>"; };
		B3480236217E923400A0C69D /* Base */ = {isa = PBXFileReference; lastKnownFileType = file.storyboard; name = Base; path = Base.lproj/Main.storyboard; sourceTree = "<group>"; };
		B3480239217E923400A0C69D /* iProSense.xcdatamodel */ = {isa = PBXFileReference; lastKnownFileType = wrapper.xcdatamodel; path = iProSense.xcdatamodel; sourceTree = "<group>"; };
		B348023B217E923500A0C69D /* Assets.xcassets */ = {isa = PBXFileReference; lastKnownFileType = folder.assetcatalog; path = Assets.xcassets; sourceTree = "<group>"; };
		B348023E217E923500A0C69D /* Base */ = {isa = PBXFileReference; lastKnownFileType = file.storyboard; name = Base; path = Base.lproj/LaunchScreen.storyboard; sourceTree = "<group>"; };
		B3480240217E923500A0C69D /* Info.plist */ = {isa = PBXFileReference; lastKnownFileType = text.plist.xml; path = Info.plist; sourceTree = "<group>"; };
/* End PBXFileReference section */

/* Begin PBXFrameworksBuildPhase section */
		B348022B217E923400A0C69D /* Frameworks */ = {
			isa = PBXFrameworksBuildPhase;
			buildActionMask = 2147483647;
			files = (
			);
			runOnlyForDeploymentPostprocessing = 0;
		};
/* End PBXFrameworksBuildPhase section */

/* Begin PBXGroup section */
		B3480225217E923400A0C69D = {
			isa = PBXGroup;
			children = (
				B3480230217E923400A0C69D /* iProSense */,
				B348022F217E923400A0C69D /* Products */,
			);
			sourceTree = "<group>";
		};
		B348022F217E923400A0C69D /* Products */ = {
			isa = PBXGroup;
			children = (
				B348022E217E923400A0C69D /* iProSense.app */,
			);
			name = Products;
			sourceTree = "<group>";
		};
		B3480230217E923400A0C69D /* iProSense */ = {
			isa = PBXGroup;
			children = (
				B3480231217E923400A0C69D /* AppDelegate.swift */,
				B3480233217E923400A0C69D /* MainViewController.swift */,
				B32E718C21A3754B00A07431 /* CoreDataManager.swift */,
				B3480235217E923400A0C69D /* Main.storyboard */,
				B348023B217E923500A0C69D /* Assets.xcassets */,
				B348023D217E923500A0C69D /* LaunchScreen.storyboard */,
				B3480240217E923500A0C69D /* Info.plist */,
				B3480238217E923400A0C69D /* iProSense.xcdatamodeld */,
			);
			path = iProSense;
			sourceTree = "<group>";
		};
/* End PBXGroup section */

/* Begin PBXNativeTarget section */
		B348022D217E923400A0C69D /* iProSense */ = {
			isa = PBXNativeTarget;
			buildConfigurationList = B3480243217E923500A0C69D /* Build configuration list for PBXNativeTarget "iProSense" */;
			buildPhases = (
				B348022A217E923400A0C69D /* Sources */,
				B348022B217E923400A0C69D /* Frameworks */,
				B348022C217E923400A0C69D /* Resources */,
			);
			buildRules = (
			);
			dependencies = (
			);
			name = iProSense;
			productName = iProSense;
			productReference = B348022E217E923400A0C69D /* iProSense.app */;
			productType = "com.apple.product-type.application";
		};
/* End PBXNativeTarget section */

/* Begin PBXProject section */
		B3480226217E923400A0C69D /* Project object */ = {
			isa = PBXProject;
			attributes = {
				LastSwiftUpdateCheck = 1000;
				LastUpgradeCheck = 1000;
				ORGANIZATIONNAME = "Sensory Metrics";
				TargetAttributes = {
					B348022D217E923400A0C69D = {
						CreatedOnToolsVersion = 10.0;
					};
				};
			};
			buildConfigurationList = B3480229217E923400A0C69D /* Build configuration list for PBXProject "iProSense" */;
			compatibilityVersion = "Xcode 9.3";
			developmentRegion = en;
			hasScannedForEncodings = 0;
			knownRegions = (
				en,
				Base,
			);
			mainGroup = B3480225217E923400A0C69D;
			productRefGroup = B348022F217E923400A0C69D /* Products */;
			projectDirPath = "";
			projectRoot = "";
			targets = (
				B348022D217E923400A0C69D /* iProSense */,
			);
		};
/* End PBXProject section */

/* Begin PBXResourcesBuildPhase section */
		B348022C217E923400A0C69D /* Resources */ = {
			isa = PBXResourcesBuildPhase;
			buildActionMask = 2147483647;
			files = (
				B348023F217E923500A0C69D /* LaunchScreen.storyboard in Resources */,
				B348023C217E923500A0C69D /* Assets.xcassets in Resources */,
				B3480237217E923400A0C69D /* Main.storyboard in Resources */,
			);
			runOnlyForDeploymentPostprocessing = 0;
		};
/* End PBXResourcesBuildPhase section */

/* Begin PBXSourcesBuildPhase section */
		B348022A217E923400A0C69D /* Sources */ = {
			isa = PBXSourcesBuildPhase;
			buildActionMask = 2147483647;
			files = (
				B348023A217E923400A0C69D /* iProSense.xcdatamodeld in Sources */,
				B3480234217E923400A0C69D /* MainViewController.swift in Sources */,
				B32E718D21A3754B00A07431 /* CoreDataManager.swift in Sources */,
				B3480232217E923400A0C69D /* AppDelegate.swift in Sources */,
			);
			runOnlyForDeploymentPostprocessing = 0;
		};
/* End PBXSourcesBuildPhase section */

/* Begin PBXVariantGroup section */
		B3480235217E923400A0C69D /* Main.storyboard */ = {
			isa = PBXVariantGroup;
			children = (
				B3480236217E923400A0C69D /* Base */,
			);
			name = Main.storyboard;
			sourceTree = "<group>";
		};
		B348023D217E923500A0C69D /* LaunchScreen.storyboard */ = {
			isa = PBXVariantGroup;
			children = (
				B348023E217E923500A0C69D /* Base */,
			);
			name = LaunchScreen.storyboard;
			sourceTree = "<group>";
		};
/* End PBXVariantGroup section */

/* Begin XCBuildConfiguration section */
		B3480241217E923500A0C69D /* Debug */ = {
			isa = XCBuildConfiguration;
			buildSettings = {
				ALWAYS_SEARCH_USER_PATHS = NO;
				CLANG_ANALYZER_NONNULL = YES;
				CLANG_ANALYZER_NUMBER_OBJECT_CONVERSION = YES_AGGRESSIVE;
				CLANG_CXX_LANGUAGE_STANDARD = "gnu++14";
				CLANG_CXX_LIBRARY = "libc++";
				CLANG_ENABLE_MODULES = YES;
				CLANG_ENABLE_OBJC_ARC = YES;
				CLANG_ENABLE_OBJC_WEAK = YES;
				CLANG_WARN_BLOCK_CAPTURE_AUTORELEASING = YES;
				CLANG_WARN_BOOL_CONVERSION = YES;
				CLANG_WARN_COMMA = YES;
				CLANG_WARN_CONSTANT_CONVERSION = YES;
				CLANG_WARN_DEPRECATED_OBJC_IMPLEMENTATIONS = YES;
				CLANG_WARN_DIRECT_OBJC_ISA_USAGE = YES_ERROR;
				CLANG_WARN_DOCUMENTATION_COMMENTS = YES;
				CLANG_WARN_EMPTY_BODY = YES;
				CLANG_WARN_ENUM_CONVERSION = YES;
				CLANG_WARN_INFINITE_RECURSION = YES;
				CLANG_WARN_INT_CONVERSION = YES;
				CLANG_WARN_NON_LITERAL_NULL_CONVERSION = YES;
				CLANG_WARN_OBJC_IMPLICIT_RETAIN_SELF = YES;
				CLANG_WARN_OBJC_LITERAL_CONVERSION = YES;
				CLANG_WARN_OBJC_ROOT_CLASS = YES_ERROR;
				CLANG_WARN_RANGE_LOOP_ANALYSIS = YES;
				CLANG_WARN_STRICT_PROTOTYPES = YES;
				CLANG_WARN_SUSPICIOUS_MOVE = YES;
				CLANG_WARN_UNGUARDED_AVAILABILITY = YES_AGGRESSIVE;
				CLANG_WARN_UNREACHABLE_CODE = YES;
				CLANG_WARN__DUPLICATE_METHOD_MATCH = YES;
				CODE_SIGN_IDENTITY = "iPhone Developer";
				COPY_PHASE_STRIP = NO;
				DEBUG_INFORMATION_FORMAT = dwarf;
				ENABLE_STRICT_OBJC_MSGSEND = YES;
				ENABLE_TESTABILITY = YES;
				GCC_C_LANGUAGE_STANDARD = gnu11;
				GCC_DYNAMIC_NO_PIC = NO;
				GCC_NO_COMMON_BLOCKS = YES;
				GCC_OPTIMIZATION_LEVEL = 0;
				GCC_PREPROCESSOR_DEFINITIONS = (
					"DEBUG=1",
					"$(inherited)",
				);
				GCC_WARN_64_TO_32_BIT_CONVERSION = YES;
				GCC_WARN_ABOUT_RETURN_TYPE = YES_ERROR;
				GCC_WARN_UNDECLARED_SELECTOR = YES;
				GCC_WARN_UNINITIALIZED_AUTOS = YES_AGGRESSIVE;
				GCC_WARN_UNUSED_FUNCTION = YES;
				GCC_WARN_UNUSED_VARIABLE = YES;
				IPHONEOS_DEPLOYMENT_TARGET = 12.0;
				MTL_ENABLE_DEBUG_INFO = INCLUDE_SOURCE;
				MTL_FAST_MATH = YES;
				ONLY_ACTIVE_ARCH = YES;
				SDKROOT = iphoneos;
				SWIFT_ACTIVE_COMPILATION_CONDITIONS = DEBUG;
				SWIFT_OPTIMIZATION_LEVEL = "-Onone";
			};
			name = Debug;
		};
		B3480242217E923500A0C69D /* Release */ = {
			isa = XCBuildConfiguration;
			buildSettings = {
				ALWAYS_SEARCH_USER_PATHS = NO;
				CLANG_ANALYZER_NONNULL = YES;
				CLANG_ANALYZER_NUMBER_OBJECT_CONVERSION = YES_AGGRESSIVE;
				CLANG_CXX_LANGUAGE_STANDARD = "gnu++14";
				CLANG_CXX_LIBRARY = "libc++";
				CLANG_ENABLE_MODULES = YES;
				CLANG_ENABLE_OBJC_ARC = YES;
				CLANG_ENABLE_OBJC_WEAK = YES;
				CLANG_WARN_BLOCK_CAPTURE_AUTORELEASING = YES;
				CLANG_WARN_BOOL_CONVERSION = YES;
				CLANG_WARN_COMMA = YES;
				CLANG_WARN_CONSTANT_CONVERSION = YES;
				CLANG_WARN_DEPRECATED_OBJC_IMPLEMENTATIONS = YES;
				CLANG_WARN_DIRECT_OBJC_ISA_USAGE = YES_ERROR;
				CLANG_WARN_DOCUMENTATION_COMMENTS = YES;
				CLANG_WARN_EMPTY_BODY = YES;
				CLANG_WARN_ENUM_CONVERSION = YES;
				CLANG_WARN_INFINITE_RECURSION = YES;
				CLANG_WARN_INT_CONVERSION = YES;
				CLANG_WARN_NON_LITERAL_NULL_CONVERSION = YES;
				CLANG_WARN_OBJC_IMPLICIT_RETAIN_SELF = YES;
				CLANG_WARN_OBJC_LITERAL_CONVERSION = YES;
				CLANG_WARN_OBJC_ROOT_CLASS = YES_ERROR;
				CLANG_WARN_RANGE_LOOP_ANALYSIS = YES;
				CLANG_WARN_STRICT_PROTOTYPES = YES;
				CLANG_WARN_SUSPICIOUS_MOVE = YES;
				CLANG_WARN_UNGUARDED_AVAILABILITY = YES_AGGRESSIVE;
				CLANG_WARN_UNREACHABLE_CODE = YES;
				CLANG_WARN__DUPLICATE_METHOD_MATCH = YES;
				CODE_SIGN_IDENTITY = "iPhone Developer";
				COPY_PHASE_STRIP = NO;
				DEBUG_INFORMATION_FORMAT = "dwarf-with-dsym";
				ENABLE_NS_ASSERTIONS = NO;
				ENABLE_STRICT_OBJC_MSGSEND = YES;
				GCC_C_LANGUAGE_STANDARD = gnu11;
				GCC_NO_COMMON_BLOCKS = YES;
				GCC_WARN_64_TO_32_BIT_CONVERSION = YES;
				GCC_WARN_ABOUT_RETURN_TYPE = YES_ERROR;
				GCC_WARN_UNDECLARED_SELECTOR = YES;
				GCC_WARN_UNINITIALIZED_AUTOS = YES_AGGRESSIVE;
				GCC_WARN_UNUSED_FUNCTION = YES;
				GCC_WARN_UNUSED_VARIABLE = YES;
				IPHONEOS_DEPLOYMENT_TARGET = 12.0;
				MTL_ENABLE_DEBUG_INFO = NO;
				MTL_FAST_MATH = YES;
				SDKROOT = iphoneos;
				SWIFT_COMPILATION_MODE = wholemodule;
				SWIFT_OPTIMIZATION_LEVEL = "-O";
				VALIDATE_PRODUCT = YES;
			};
			name = Release;
		};
		B3480244217E923500A0C69D /* Debug */ = {
			isa = XCBuildConfiguration;
			buildSettings = {
				ASSETCATALOG_COMPILER_APPICON_NAME = AppIcon;
				CODE_SIGN_STYLE = Automatic;
				DEVELOPMENT_TEAM = 8ED5WJX3S2;
				INFOPLIST_FILE = iProSense/Info.plist;
				LD_RUNPATH_SEARCH_PATHS = (
					"$(inherited)",
					"@executable_path/Frameworks",
				);
				PRODUCT_BUNDLE_IDENTIFIER = com.sensorymetrics.iProSense;
				PRODUCT_NAME = "$(TARGET_NAME)";
				SWIFT_VERSION = 4.2;
				TARGETED_DEVICE_FAMILY = 2;
			};
			name = Debug;
		};
		B3480245217E923500A0C69D /* Release */ = {
			isa = XCBuildConfiguration;
			buildSettings = {
				ASSETCATALOG_COMPILER_APPICON_NAME = AppIcon;
				CODE_SIGN_STYLE = Automatic;
				DEVELOPMENT_TEAM = 8ED5WJX3S2;
				INFOPLIST_FILE = iProSense/Info.plist;
				LD_RUNPATH_SEARCH_PATHS = (
					"$(inherited)",
					"@executable_path/Frameworks",
				);
				PRODUCT_BUNDLE_IDENTIFIER = com.sensorymetrics.iProSense;
				PRODUCT_NAME = "$(TARGET_NAME)";
				SWIFT_VERSION = 4.2;
				TARGETED_DEVICE_FAMILY = 2;
			};
			name = Release;
		};
/* End XCBuildConfiguration section */

/* Begin XCConfigurationList section */
		B3480229217E923400A0C69D /* Build configuration list for PBXProject "iProSense" */ = {
			isa = XCConfigurationList;
			buildConfigurations = (
				B3480241217E923500A0C69D /* Debug */,
				B3480242217E923500A0C69D /* Release */,
			);
			defaultConfigurationIsVisible = 0;
			defaultConfigurationName = Release;
		};
		B3480243217E923500A0C69D /* Build configuration list for PBXNativeTarget "iProSense" */ = {
			isa = XCConfigurationList;
			buildConfigurations = (
				B3480244217E923500A0C69D /* Debug */,
				B3480245217E923500A0C69D /* Release */,
			);
			defaultConfigurationIsVisible = 0;
			defaultConfigurationName = Release;
		};
/* End XCConfigurationList section */

/* Begin XCVersionGroup section */
		B3480238217E923400A0C69D /* iProSense.xcdatamodeld */ = {
			isa = XCVersionGroup;
			children = (
				B3480239217E923400A0C69D /* iProSense.xcdatamodel */,
			);
			currentVersion = B3480239217E923400A0C69D /* iProSense.xcdatamodel */;
			path = iProSense.xcdatamodeld;
			sourceTree = "<group>";
			versionGroupType = wrapper.xcdatamodel;
		};
/* End XCVersionGroup section */
	};
	rootObject = B3480226217E923400A0C69D /* Project object */;
}
